
Microsoft Visual Studio Solution File, Format Version 12.00
# Visual Studio 15
VisualStudioVersion = 15.0.27130.0
MinimumVisualStudioVersion = 10.0.40219.1
Project("{9A19103F-16F7-4668-BE54-9A1E7A4F7556}") = "abstractTest", "animal\abstractTest.csproj", "{D2F48E4B-7DDB-4C0D-A6F3-CC53DF3369B7}"
EndProject
Project("{9A19103F-16F7-4668-BE54-9A1E7A4F7556}") = "classTest", "classTest\classTest.csproj", "{02F8E077-37DF-4280-A37F-AF789B0F849A}"
EndProject
Project("{9A19103F-16F7-4668-BE54-9A1E7A4F7556}") = "InterfaceTest", "InterfaceTest\InterfaceTest.csproj", "{4CC3F9B5-D6D4-4198-BFC8-CD01AA4B539C}"
EndProject
Global
	GlobalSection(SolutionConfigurationPlatforms) = preSolution
		Debug|Any CPU = Debug|Any CPU
		Release|Any CPU = Release|Any CPU
	EndGlobalSection
	GlobalSection(ProjectConfigurationPlatforms) = postSolution
		{D2F48E4B-7DDB-4C0D-A6F3-CC53DF3369B7}.Debug|Any CPU.ActiveCfg = Debug|Any CPU
		{D2F48E4B-7DDB-4C0D-A6F3-CC53DF3369B7}.Debug|Any CPU.Build.0 = Debug|Any CPU
		{D2F48E4B-7DDB-4C0D-A6F3-CC53DF3369B7}.Release|Any CPU.ActiveCfg = Release|Any CPU
		{D2F48E4B-7DDB-4C0D-A6F3-CC53DF3369B7}.Release|Any CPU.Build.0 = Release|Any CPU
		{02F8E077-37DF-4280-A37F-AF789B0F849A}.Debug|Any CPU.ActiveCfg = Debug|Any CPU
		{02F8E077-37DF-4280-A37F-AF789B0F849A}.Debug|Any CPU.Build.0 = Debug|Any CPU
		{02F8E077-37DF-4280-A37F-AF789B0F849A}.Release|Any CPU.ActiveCfg = Release|Any CPU
		{02F8E077-37DF-4280-A37F-AF789B0F849A}.Release|Any CPU.Build.0 = Release|Any CPU
		{4CC3F9B5-D6D4-4198-BFC8-CD01AA4B539C}.Debug|Any CPU.ActiveCfg = Debug|Any CPU
		{4CC3F9B5-D6D4-4198-BFC8-CD01AA4B539C}.Debug|Any CPU.Build.0 = Debug|Any CPU
		{4CC3F9B5-D6D4-4198-BFC8-CD01AA4B539C}.Release|Any CPU.ActiveCfg = Release|Any CPU
		{4CC3F9B5-D6D4-4198-BFC8-CD01AA4B539C}.Release|Any CPU.Build.0 = Release|Any CPU
	EndGlobalSection
	GlobalSection(SolutionProperties) = preSolution
		HideSolutionNode = FALSE
	EndGlobalSection
	GlobalSection(ExtensibilityGlobals) = postSolution
		SolutionGuid = {EBE97E5A-365A-4403-AB97-4FD3EF0DE352}
	EndGlobalSection
EndGlobal
